
Microsoft Visual Studio Solution File, Format Version 12.00
# Visual Studio Version 17
VisualStudioVersion = 17.6.33829.357
MinimumVisualStudioVersion = 10.0.40219.1
Project("{FAE04EC0-301F-11D3-BF4B-00C04F79EFBC}") = "ASM2", "ASM2\ASM2.csproj", "{4F91FF31-E8A0-446D-AE74-4B1B3199D287}"
EndProject
Global
	GlobalSection(SolutionConfigurationPlatforms) = preSolution
		Debug|Any CPU = Debug|Any CPU
		Release|Any CPU = Release|Any CPU
	EndGlobalSection
	GlobalSection(ProjectConfigurationPlatforms) = postSolution
		{4F91FF31-E8A0-446D-AE74-4B1B3199D287}.Debug|Any CPU.ActiveCfg = Debug|Any CPU
		{4F91FF31-E8A0-446D-AE74-4B1B3199D287}.Debug|Any CPU.Build.0 = Debug|Any CPU
		{4F91FF31-E8A0-446D-AE74-4B1B3199D287}.Release|Any CPU.ActiveCfg = Release|Any CPU
		{4F91FF31-E8A0-446D-AE74-4B1B3199D287}.Release|Any CPU.Build.0 = Release|Any CPU
	EndGlobalSection
	GlobalSection(SolutionProperties) = preSolution
		HideSolutionNode = FALSE
	EndGlobalSection
	GlobalSection(ExtensibilityGlobals) = postSolution
		SolutionGuid = {D1D50E32-ADC0-40D3-99A5-78FAE8AA0F4B}
	EndGlobalSection
EndGlobal
